
Microsoft Visual Studio Solution File, Format Version 12.00
# Visual Studio Version 17
VisualStudioVersion = 17.14.36327.8
MinimumVisualStudioVersion = 10.0.40219.1
Project("{FAE04EC0-301F-11D3-BF4B-00C04F79EFBC}") = "Menees.Threading", "src\Menees.Threading\Menees.Threading.csproj", "{CDED0D12-E616-4B6B-81F6-2AF52DDF6FC2}"
EndProject
Project("{2150E333-8FDC-42A3-9474-1A3956D46DE8}") = ".sln", ".sln", "{3E13778F-DFE8-23A5-3B5D-C21CECD86E62}"
	ProjectSection(SolutionItems) = preProject
		.editorconfig = .editorconfig
		.gitattributes = .gitattributes
		.gitignore = .gitignore
		Build.cmd = Build.cmd
		Directory.Build.props = Directory.Build.props
		Directory.Packages.props = Directory.Packages.props
		Directory.Version.props = Directory.Version.props
		global.json = global.json
		LICENSE = LICENSE
		NuGet.Config = NuGet.Config
		README.md = README.md
		testEnvironments.json = testEnvironments.json
	EndProjectSection
EndProject
Project("{2150E333-8FDC-42A3-9474-1A3956D46DE8}") = "src", "src", "{827E0CD3-B72D-47B6-A68D-7590B98EB39B}"
EndProject
Project("{2150E333-8FDC-42A3-9474-1A3956D46DE8}") = "tests", "tests", "{0AB3BF05-4346-4AA6-1389-037BE0695223}"
	ProjectSection(SolutionItems) = preProject
		tests\.runsettings = tests\.runsettings
		tests\Directory.Build.props = tests\Directory.Build.props
	EndProjectSection
EndProject
Project("{FAE04EC0-301F-11D3-BF4B-00C04F79EFBC}") = "Menees.Threading.Tests", "tests\Menees.Threading.Tests\Menees.Threading.Tests.csproj", "{944A63A7-5D3B-497F-9669-939184AE93FF}"
EndProject
Project("{2150E333-8FDC-42A3-9474-1A3956D46DE8}") = "eng", "eng", "{7525B257-249C-EE79-B10A-65D0BC27ABA9}"
	ProjectSection(SolutionItems) = preProject
		eng\build.ps1 = eng\build.ps1
		.github\workflows\ubuntu.yml = .github\workflows\ubuntu.yml
		.github\workflows\windows.yml = .github\workflows\windows.yml
	EndProjectSection
EndProject
Project("{FAE04EC0-301F-11D3-BF4B-00C04F79EFBC}") = "Menees.Threading.Benchmarks", "tests\Menees.Threading.Benchmarks\Menees.Threading.Benchmarks.csproj", "{E7A82E08-A50C-4A28-8473-D6E91E2FAE60}"
EndProject
Global
	GlobalSection(SolutionConfigurationPlatforms) = preSolution
		Debug|Any CPU = Debug|Any CPU
		Release|Any CPU = Release|Any CPU
	EndGlobalSection
	GlobalSection(ProjectConfigurationPlatforms) = postSolution
		{CDED0D12-E616-4B6B-81F6-2AF52DDF6FC2}.Debug|Any CPU.ActiveCfg = Debug|Any CPU
		{CDED0D12-E616-4B6B-81F6-2AF52DDF6FC2}.Debug|Any CPU.Build.0 = Debug|Any CPU
		{CDED0D12-E616-4B6B-81F6-2AF52DDF6FC2}.Release|Any CPU.ActiveCfg = Release|Any CPU
		{CDED0D12-E616-4B6B-81F6-2AF52DDF6FC2}.Release|Any CPU.Build.0 = Release|Any CPU
		{944A63A7-5D3B-497F-9669-939184AE93FF}.Debug|Any CPU.ActiveCfg = Debug|Any CPU
		{944A63A7-5D3B-497F-9669-939184AE93FF}.Debug|Any CPU.Build.0 = Debug|Any CPU
		{944A63A7-5D3B-497F-9669-939184AE93FF}.Release|Any CPU.ActiveCfg = Release|Any CPU
		{944A63A7-5D3B-497F-9669-939184AE93FF}.Release|Any CPU.Build.0 = Release|Any CPU
		{E7A82E08-A50C-4A28-8473-D6E91E2FAE60}.Debug|Any CPU.ActiveCfg = Debug|Any CPU
		{E7A82E08-A50C-4A28-8473-D6E91E2FAE60}.Debug|Any CPU.Build.0 = Debug|Any CPU
		{E7A82E08-A50C-4A28-8473-D6E91E2FAE60}.Release|Any CPU.ActiveCfg = Release|Any CPU
		{E7A82E08-A50C-4A28-8473-D6E91E2FAE60}.Release|Any CPU.Build.0 = Release|Any CPU
	EndGlobalSection
	GlobalSection(SolutionProperties) = preSolution
		HideSolutionNode = FALSE
	EndGlobalSection
	GlobalSection(NestedProjects) = preSolution
		{CDED0D12-E616-4B6B-81F6-2AF52DDF6FC2} = {827E0CD3-B72D-47B6-A68D-7590B98EB39B}
		{944A63A7-5D3B-497F-9669-939184AE93FF} = {0AB3BF05-4346-4AA6-1389-037BE0695223}
		{E7A82E08-A50C-4A28-8473-D6E91E2FAE60} = {0AB3BF05-4346-4AA6-1389-037BE0695223}
	EndGlobalSection
	GlobalSection(ExtensibilityGlobals) = postSolution
		SolutionGuid = {A657EA0F-2C83-4654-85F1-AC9EADEC9D9D}
	EndGlobalSection
EndGlobal
